# This file is automatically @generated by Cargo.
# It is not intended for manual editing.
version = 4

[[package]]
name = "field"
version = "0.1.0"

[[package]]
name = "multilinear"
version = "0.1.0"
dependencies = [
 "field",
]

[[package]]
name = "permcheck"
version = "0.1.0"
dependencies = [
 "field",
]

[[package]]
name = "snark-lab-benches"
version = "0.1.0"
dependencies = [
 "field",
 "multilinear",
 "permcheck",
 "sumcheck",
]

[[package]]
name = "sumcheck"
version = "0.1.0"
dependencies = [
 "field",
 "multilinear",
]

[[package]]
name = "zerocheck"
version = "0.1.0"
dependencies = [
 "field",
 "multilinear",
 "sumcheck",
]
